
Microsoft Visual Studio Solution File, Format Version 12.00
# Visual Studio 15
VisualStudioVersion = 15.0.28307.168
MinimumVisualStudioVersion = 10.0.40219.1
Project("{FAE04EC0-301F-11D3-BF4B-00C04F79EFBC}") = "Examen", "Examen\Examen.csproj", "{D9E303BC-3524-4AB6-AFF8-7D9667814C7A}"
EndProject
Project("{FAE04EC0-301F-11D3-BF4B-00C04F79EFBC}") = "Controlador", "Controlador\Controlador.csproj", "{95608313-2510-48B1-9CB8-F438D32F2300}"
EndProject
Project("{FAE04EC0-301F-11D3-BF4B-00C04F79EFBC}") = "Modelo", "Modelo\Modelo.csproj", "{6155D3A4-585D-43CD-9183-49388D3D5030}"
EndProject
Global
	GlobalSection(SolutionConfigurationPlatforms) = preSolution
		Debug|Any CPU = Debug|Any CPU
		Release|Any CPU = Release|Any CPU
	EndGlobalSection
	GlobalSection(ProjectConfigurationPlatforms) = postSolution
		{D9E303BC-3524-4AB6-AFF8-7D9667814C7A}.Debug|Any CPU.ActiveCfg = Debug|Any CPU
		{D9E303BC-3524-4AB6-AFF8-7D9667814C7A}.Debug|Any CPU.Build.0 = Debug|Any CPU
		{D9E303BC-3524-4AB6-AFF8-7D9667814C7A}.Release|Any CPU.ActiveCfg = Release|Any CPU
		{D9E303BC-3524-4AB6-AFF8-7D9667814C7A}.Release|Any CPU.Build.0 = Release|Any CPU
		{95608313-2510-48B1-9CB8-F438D32F2300}.Debug|Any CPU.ActiveCfg = Debug|Any CPU
		{95608313-2510-48B1-9CB8-F438D32F2300}.Debug|Any CPU.Build.0 = Debug|Any CPU
		{95608313-2510-48B1-9CB8-F438D32F2300}.Release|Any CPU.ActiveCfg = Release|Any CPU
		{95608313-2510-48B1-9CB8-F438D32F2300}.Release|Any CPU.Build.0 = Release|Any CPU
		{6155D3A4-585D-43CD-9183-49388D3D5030}.Debug|Any CPU.ActiveCfg = Debug|Any CPU
		{6155D3A4-585D-43CD-9183-49388D3D5030}.Debug|Any CPU.Build.0 = Debug|Any CPU
		{6155D3A4-585D-43CD-9183-49388D3D5030}.Release|Any CPU.ActiveCfg = Release|Any CPU
		{6155D3A4-585D-43CD-9183-49388D3D5030}.Release|Any CPU.Build.0 = Release|Any CPU
	EndGlobalSection
	GlobalSection(SolutionProperties) = preSolution
		HideSolutionNode = FALSE
	EndGlobalSection
	GlobalSection(ExtensibilityGlobals) = postSolution
		SolutionGuid = {69AFDF8B-FA95-4839-A93D-FAC23112900D}
	EndGlobalSection
EndGlobal
